
Microsoft Visual Studio Solution File, Format Version 12.00
# Visual Studio Version 17
VisualStudioVersion = 17.8.34511.84
MinimumVisualStudioVersion = 10.0.40219.1
Project("{FAE04EC0-301F-11D3-BF4B-00C04F79EFBC}") = "API_first_Task", "API_first_Task\API_first_Task.csproj", "{CEA1DACC-9B5F-494A-A9CC-269C4FE48406}"
EndProject
Global
	GlobalSection(SolutionConfigurationPlatforms) = preSolution
		Debug|Any CPU = Debug|Any CPU
		Release|Any CPU = Release|Any CPU
	EndGlobalSection
	GlobalSection(ProjectConfigurationPlatforms) = postSolution
		{CEA1DACC-9B5F-494A-A9CC-269C4FE48406}.Debug|Any CPU.ActiveCfg = Debug|Any CPU
		{CEA1DACC-9B5F-494A-A9CC-269C4FE48406}.Debug|Any CPU.Build.0 = Debug|Any CPU
		{CEA1DACC-9B5F-494A-A9CC-269C4FE48406}.Release|Any CPU.ActiveCfg = Release|Any CPU
		{CEA1DACC-9B5F-494A-A9CC-269C4FE48406}.Release|Any CPU.Build.0 = Release|Any CPU
	EndGlobalSection
	GlobalSection(SolutionProperties) = preSolution
		HideSolutionNode = FALSE
	EndGlobalSection
	GlobalSection(ExtensibilityGlobals) = postSolution
		SolutionGuid = {F0DDF7AF-81E8-4AAA-8967-B912F7E6D670}
	EndGlobalSection
EndGlobal
